// !$*UTF8*$!
{
	archiveVersion = 1;
	classes = {
	};
	objectVersion = 50;
	objects = {

/* Begin PBXBuildFile section */
		EF8D1D042510483200EF6D41 /* AppDelegate.swift in Sources */ = {isa = PBXBuildFile; fileRef = EF8D1D032510483200EF6D41 /* AppDelegate.swift */; };
		EF8D1D062510483200EF6D41 /* SceneDelegate.swift in Sources */ = {isa = PBXBuildFile; fileRef = EF8D1D052510483200EF6D41 /* SceneDelegate.swift */; };
		EF8D1D082510483200EF6D41 /* ViewController.swift in Sources */ = {isa = PBXBuildFile; fileRef = EF8D1D072510483200EF6D41 /* ViewController.swift */; };
		EF8D1D0B2510483200EF6D41 /* Main.storyboard in Resources */ = {isa = PBXBuildFile; fileRef = EF8D1D092510483200EF6D41 /* Main.storyboard */; };
		EF8D1D0D2510483700EF6D41 /* Assets.xcassets in Resources */ = {isa = PBXBuildFile; fileRef = EF8D1D0C2510483700EF6D41 /* Assets.xcassets */; };
		EF8D1D102510483700EF6D41 /* LaunchScreen.storyboard in Resources */ = {isa = PBXBuildFile; fileRef = EF8D1D0E2510483700EF6D41 /* LaunchScreen.storyboard */; };
		EF8D1D1B2510483700EF6D41 /* tipCalculatorTests.swift in Sources */ = {isa = PBXBuildFile; fileRef = EF8D1D1A2510483700EF6D41 /* tipCalculatorTests.swift */; };
		EF8D1D262510483800EF6D41 /* tipCalculatorUITests.swift in Sources */ = {isa = PBXBuildFile; fileRef = EF8D1D252510483800EF6D41 /* tipCalculatorUITests.swift */; };
/* End PBXBuildFile section */

/* Begin PBXContainerItemProxy section */
		EF8D1D172510483700EF6D41 /* PBXContainerItemProxy */ = {
			isa = PBXContainerItemProxy;
			containerPortal = EF8D1CF82510483200EF6D41 /* Project object */;
			proxyType = 1;
			remoteGlobalIDString = EF8D1CFF2510483200EF6D41;
			remoteInfo = tipCalculator;
		};
		EF8D1D222510483700EF6D41 /* PBXContainerItemProxy */ = {
			isa = PBXContainerItemProxy;
			containerPortal = EF8D1CF82510483200EF6D41 /* Project object */;
			proxyType = 1;
			remoteGlobalIDString = EF8D1CFF2510483200EF6D41;
			remoteInfo = tipCalculator;
		};
/* End PBXContainerItemProxy section */

/* Begin PBXFileReference section */
		EF8D1D002510483200EF6D41 /* tipCalculator.app */ = {isa = PBXFileReference; explicitFileType = wrapper.application; includeInIndex = 0; path = tipCalculator.app; sourceTree = BUILT_PRODUCTS_DIR; };
		EF8D1D032510483200EF6D41 /* AppDelegate.swift */ = {isa = PBXFileReference; lastKnownFileType = sourcecode.swift; path = AppDelegate.swift; sourceTree = "<group>"; };
		EF8D1D052510483200EF6D41 /* SceneDelegate.swift */ = {isa = PBXFileReference; lastKnownFileType = sourcecode.swift; path = SceneDelegate.swift; sourceTree = "<group>"; };
		EF8D1D072510483200EF6D41 /* ViewController.swift */ = {isa = PBXFileReference; lastKnownFileType = sourcecode.swift; path = ViewController.swift; sourceTree = "<group>"; };
		EF8D1D0A2510483200EF6D41 /* Base */ = {isa = PBXFileReference; lastKnownFileType = file.storyboard; name = Base; path = Base.lproj/Main.storyboard; sourceTree = "<group>"; };
		EF8D1D0C2510483700EF6D41 /* Assets.xcassets */ = {isa = PBXFileReference; lastKnownFileType = folder.assetcatalog; path = Assets.xcassets; sourceTree = "<group>"; };
		EF8D1D0F2510483700EF6D41 /* Base */ = {isa = PBXFileReference; lastKnownFileType = file.storyboard; name = Base; path = Base.lproj/LaunchScreen.storyboard; sourceTree = "<group>"; };
		EF8D1D112510483700EF6D41 /* Info.plist */ = {isa = PBXFileReference; lastKnownFileType = text.plist.xml; path = Info.plist; sourceTree = "<group>"; };
		EF8D1D162510483700EF6D41 /* tipCalculatorTests.xctest */ = {isa = PBXFileReference; explicitFileType = wrapper.cfbundle; includeInIndex = 0; path = tipCalculatorTests.xctest; sourceTree = BUILT_PRODUCTS_DIR; };
		EF8D1D1A2510483700EF6D41 /* tipCalculatorTests.swift */ = {isa = PBXFileReference; lastKnownFileType = sourcecode.swift; path = tipCalculatorTests.swift; sourceTree = "<group>"; };
		EF8D1D1C2510483700EF6D41 /* Info.plist */ = {isa = PBXFileReference; lastKnownFileType = text.plist.xml; path = Info.plist; sourceTree = "<group>"; };
		EF8D1D212510483700EF6D41 /* tipCalculatorUITests.xctest */ = {isa = PBXFileReference; explicitFileType = wrapper.cfbundle; includeInIndex = 0; path = tipCalculatorUITests.xctest; sourceTree = BUILT_PRODUCTS_DIR; };
		EF8D1D252510483800EF6D41 /* tipCalculatorUITests.swift */ = {isa = PBXFileReference; lastKnownFileType = sourcecode.swift; path = tipCalculatorUITests.swift; sourceTree = "<group>"; };
		EF8D1D272510483800EF6D41 /* Info.plist */ = {isa = PBXFileReference; lastKnownFileType = text.plist.xml; path = Info.plist; sourceTree = "<group>"; };
/* End PBXFileReference section */

/* Begin PBXFrameworksBuildPhase section */
		EF8D1CFD2510483200EF6D41 /* Frameworks */ = {
			isa = PBXFrameworksBuildPhase;
			buildActionMask = 2147483647;
			files = (
			);
			runOnlyForDeploymentPostprocessing = 0;
		};
		EF8D1D132510483700EF6D41 /* Frameworks */ = {
			isa = PBXFrameworksBuildPhase;
			buildActionMask = 2147483647;
			files = (
			);
			runOnlyForDeploymentPostprocessing = 0;
		};
		EF8D1D1E2510483700EF6D41 /* Frameworks */ = {
			isa = PBXFrameworksBuildPhase;
			buildActionMask = 2147483647;
			files = (
			);
			runOnlyForDeploymentPostprocessing = 0;
		};
/* End PBXFrameworksBuildPhase section */

/* Begin PBXGroup section */
		EF8D1CF72510483200EF6D41 = {
			isa = PBXGroup;
			children = (
				EF8D1D022510483200EF6D41 /* tipCalculator */,
				EF8D1D192510483700EF6D41 /* tipCalculatorTests */,
				EF8D1D242510483700EF6D41 /* tipCalculatorUITests */,
				EF8D1D012510483200EF6D41 /* Products */,
			);
			sourceTree = "<group>";
		};
		EF8D1D012510483200EF6D41 /* Products */ = {
			isa = PBXGroup;
			children = (
				EF8D1D002510483200EF6D41 /* tipCalculator.app */,
				EF8D1D162510483700EF6D41 /* tipCalculatorTests.xctest */,
				EF8D1D212510483700EF6D41 /* tipCalculatorUITests.xctest */,
			);
			name = Products;
			sourceTree = "<group>";
		};
		EF8D1D022510483200EF6D41 /* tipCalculator */ = {
			isa = PBXGroup;
			children = (
				EF8D1D032510483200EF6D41 /* AppDelegate.swift */,
				EF8D1D052510483200EF6D41 /* SceneDelegate.swift */,
				EF8D1D072510483200EF6D41 /* ViewController.swift */,
				EF8D1D092510483200EF6D41 /* Main.storyboard */,
				EF8D1D0C2510483700EF6D41 /* Assets.xcassets */,
				EF8D1D0E2510483700EF6D41 /* LaunchScreen.storyboard */,
				EF8D1D112510483700EF6D41 /* Info.plist */,
			);
			path = tipCalculator;
			sourceTree = "<group>";
		};
		EF8D1D192510483700EF6D41 /* tipCalculatorTests */ = {
			isa = PBXGroup;
			children = (
				EF8D1D1A2510483700EF6D41 /* tipCalculatorTests.swift */,
				EF8D1D1C2510483700EF6D41 /* Info.plist */,
			);
			path = tipCalculatorTests;
			sourceTree = "<group>";
		};
		EF8D1D242510483700EF6D41 /* tipCalculatorUITests */ = {
			isa = PBXGroup;
			children = (
				EF8D1D252510483800EF6D41 /* tipCalculatorUITests.swift */,
				EF8D1D272510483800EF6D41 /* Info.plist */,
			);
			path = tipCalculatorUITests;
			sourceTree = "<group>";
		};
/* End PBXGroup section */

/* Begin PBXNativeTarget section */
		EF8D1CFF2510483200EF6D41 /* tipCalculator */ = {
			isa = PBXNativeTarget;
			buildConfigurationList = EF8D1D2A2510483800EF6D41 /* Build configuration list for PBXNativeTarget "tipCalculator" */;
			buildPhases = (
				EF8D1CFC2510483200EF6D41 /* Sources */,
				EF8D1CFD2510483200EF6D41 /* Frameworks */,
				EF8D1CFE2510483200EF6D41 /* Resources */,
			);
			buildRules = (
			);
			dependencies = (
			);
			name = tipCalculator;
			productName = tipCalculator;
			productReference = EF8D1D002510483200EF6D41 /* tipCalculator.app */;
			productType = "com.apple.product-type.application";
		};
		EF8D1D152510483700EF6D41 /* tipCalculatorTests */ = {
			isa = PBXNativeTarget;
			buildConfigurationList = EF8D1D2D2510483800EF6D41 /* Build configuration list for PBXNativeTarget "tipCalculatorTests" */;
			buildPhases = (
				EF8D1D122510483700EF6D41 /* Sources */,
				EF8D1D132510483700EF6D41 /* Frameworks */,
				EF8D1D142510483700EF6D41 /* Resources */,
			);
			buildRules = (
			);
			dependencies = (
				EF8D1D182510483700EF6D41 /* PBXTargetDependency */,
			);
			name = tipCalculatorTests;
			productName = tipCalculatorTests;
			productReference = EF8D1D162510483700EF6D41 /* tipCalculatorTests.xctest */;
			productType = "com.apple.product-type.bundle.unit-test";
		};
		EF8D1D202510483700EF6D41 /* tipCalculatorUITests */ = {
			isa = PBXNativeTarget;
			buildConfigurationList = EF8D1D302510483800EF6D41 /* Build configuration list for PBXNativeTarget "tipCalculatorUITests" */;
			buildPhases = (
				EF8D1D1D2510483700EF6D41 /* Sources */,
				EF8D1D1E2510483700EF6D41 /* Frameworks */,
				EF8D1D1F2510483700EF6D41 /* Resources */,
			);
			buildRules = (
			);
			dependencies = (
				EF8D1D232510483700EF6D41 /* PBXTargetDependency */,
			);
			name = tipCalculatorUITests;
			productName = tipCalculatorUITests;
			productReference = EF8D1D212510483700EF6D41 /* tipCalculatorUITests.xctest */;
			productType = "com.apple.product-type.bundle.ui-testing";
		};
/* End PBXNativeTarget section */

/* Begin PBXProject section */
		EF8D1CF82510483200EF6D41 /* Project object */ = {
			isa = PBXProject;
			attributes = {
				LastSwiftUpdateCheck = 1160;
				LastUpgradeCheck = 1160;
				ORGANIZATIONNAME = "Xhoana Koca";
				TargetAttributes = {
					EF8D1CFF2510483200EF6D41 = {
						CreatedOnToolsVersion = 11.6;
					};
					EF8D1D152510483700EF6D41 = {
						CreatedOnToolsVersion = 11.6;
						TestTargetID = EF8D1CFF2510483200EF6D41;
					};
					EF8D1D202510483700EF6D41 = {
						CreatedOnToolsVersion = 11.6;
						TestTargetID = EF8D1CFF2510483200EF6D41;
					};
				};
			};
			buildConfigurationList = EF8D1CFB2510483200EF6D41 /* Build configuration list for PBXProject "tipCalculator" */;
			compatibilityVersion = "Xcode 9.3";
			developmentRegion = en;
			hasScannedForEncodings = 0;
			knownRegions = (
				en,
				Base,
			);
			mainGroup = EF8D1CF72510483200EF6D41;
			productRefGroup = EF8D1D012510483200EF6D41 /* Products */;
			projectDirPath = "";
			projectRoot = "";
			targets = (
				EF8D1CFF2510483200EF6D41 /* tipCalculator */,
				EF8D1D152510483700EF6D41 /* tipCalculatorTests */,
				EF8D1D202510483700EF6D41 /* tipCalculatorUITests */,
			);
		};
/* End PBXProject section */

/* Begin PBXResourcesBuildPhase section */
		EF8D1CFE2510483200EF6D41 /* Resources */ = {
			isa = PBXResourcesBuildPhase;
			buildActionMask = 2147483647;
			files = (
				EF8D1D102510483700EF6D41 /* LaunchScreen.storyboard in Resources */,
				EF8D1D0D2510483700EF6D41 /* Assets.xcassets in Resources */,
				EF8D1D0B2510483200EF6D41 /* Main.storyboard in Resources */,
			);
			runOnlyForDeploymentPostprocessing = 0;
		};
		EF8D1D142510483700EF6D41 /* Resources */ = {
			isa = PBXResourcesBuildPhase;
			buildActionMask = 2147483647;
			files = (
			);
			runOnlyForDeploymentPostprocessing = 0;
		};
		EF8D1D1F2510483700EF6D41 /* Resources */ = {
			isa = PBXResourcesBuildPhase;
			buildActionMask = 2147483647;
			files = (
			);
			runOnlyForDeploymentPostprocessing = 0;
		};
/* End PBXResourcesBuildPhase section */

/* Begin PBXSourcesBuildPhase section */
		EF8D1CFC2510483200EF6D41 /* Sources */ = {
			isa = PBXSourcesBuildPhase;
			buildActionMask = 2147483647;
			files = (
				EF8D1D082510483200EF6D41 /* ViewController.swift in Sources */,
				EF8D1D042510483200EF6D41 /* AppDelegate.swift in Sources */,
				EF8D1D062510483200EF6D41 /* SceneDelegate.swift in Sources */,
			);
			runOnlyForDeploymentPostprocessing = 0;
		};
		EF8D1D122510483700EF6D41 /* Sources */ = {
			isa = PBXSourcesBuildPhase;
			buildActionMask = 2147483647;
			files = (
				EF8D1D1B2510483700EF6D41 /* tipCalculatorTests.swift in Sources */,
			);
			runOnlyForDeploymentPostprocessing = 0;
		};
		EF8D1D1D2510483700EF6D41 /* Sources */ = {
			isa = PBXSourcesBuildPhase;
			buildActionMask = 2147483647;
			files = (
				EF8D1D262510483800EF6D41 /* tipCalculatorUITests.swift in Sources */,
			);
			runOnlyForDeploymentPostprocessing = 0;
		};
/* End PBXSourcesBuildPhase section */

/* Begin PBXTargetDependency section */
		EF8D1D182510483700EF6D41 /* PBXTargetDependency */ = {
			isa = PBXTargetDependency;
			target = EF8D1CFF2510483200EF6D41 /* tipCalculator */;
			targetProxy = EF8D1D172510483700EF6D41 /* PBXContainerItemProxy */;
		};
		EF8D1D232510483700EF6D41 /* PBXTargetDependency */ = {
			isa = PBXTargetDependency;
			target = EF8D1CFF2510483200EF6D41 /* tipCalculator */;
			targetProxy = EF8D1D222510483700EF6D41 /* PBXContainerItemProxy */;
		};
/* End PBXTargetDependency section */

/* Begin PBXVariantGroup section */
		EF8D1D092510483200EF6D41 /* Main.storyboard */ = {
			isa = PBXVariantGroup;
			children = (
				EF8D1D0A2510483200EF6D41 /* Base */,
			);
			name = Main.storyboard;
			sourceTree = "<group>";
		};
		EF8D1D0E2510483700EF6D41 /* LaunchScreen.storyboard */ = {
			isa = PBXVariantGroup;
			children = (
				EF8D1D0F2510483700EF6D41 /* Base */,
			);
			name = LaunchScreen.storyboard;
			sourceTree = "<group>";
		};
/* End PBXVariantGroup section */

/* Begin XCBuildConfiguration section */
		EF8D1D282510483800EF6D41 /* Debug */ = {
			isa = XCBuildConfiguration;
			buildSettings = {
				ALWAYS_SEARCH_USER_PATHS = NO;
				CLANG_ANALYZER_NONNULL = YES;
				CLANG_ANALYZER_NUMBER_OBJECT_CONVERSION = YES_AGGRESSIVE;
				CLANG_CXX_LANGUAGE_STANDARD = "gnu++14";
				CLANG_CXX_LIBRARY = "libc++";
				CLANG_ENABLE_MODULES = YES;
				CLANG_ENABLE_OBJC_ARC = YES;
				CLANG_ENABLE_OBJC_WEAK = YES;
				CLANG_WARN_BLOCK_CAPTURE_AUTORELEASING = YES;
				CLANG_WARN_BOOL_CONVERSION = YES;
				CLANG_WARN_COMMA = YES;
				CLANG_WARN_CONSTANT_CONVERSION = YES;
				CLANG_WARN_DEPRECATED_OBJC_IMPLEMENTATIONS = YES;
				CLANG_WARN_DIRECT_OBJC_ISA_USAGE = YES_ERROR;
				CLANG_WARN_DOCUMENTATION_COMMENTS = YES;
				CLANG_WARN_EMPTY_BODY = YES;
				CLANG_WARN_ENUM_CONVERSION = YES;
				CLANG_WARN_INFINITE_RECURSION = YES;
				CLANG_WARN_INT_CONVERSION = YES;
				CLANG_WARN_NON_LITERAL_NULL_CONVERSION = YES;
				CLANG_WARN_OBJC_IMPLICIT_RETAIN_SELF = YES;
				CLANG_WARN_OBJC_LITERAL_CONVERSION = YES;
				CLANG_WARN_OBJC_ROOT_CLASS = YES_ERROR;
				CLANG_WARN_RANGE_LOOP_ANALYSIS = YES;
				CLANG_WARN_STRICT_PROTOTYPES = YES;
				CLANG_WARN_SUSPICIOUS_MOVE = YES;
				CLANG_WARN_UNGUARDED_AVAILABILITY = YES_AGGRESSIVE;
				CLANG_WARN_UNREACHABLE_CODE = YES;
				CLANG_WARN__DUPLICATE_METHOD_MATCH = YES;
				COPY_PHASE_STRIP = NO;
				DEBUG_INFORMATION_FORMAT = dwarf;
				ENABLE_STRICT_OBJC_MSGSEND = YES;
				ENABLE_TESTABILITY = YES;
				GCC_C_LANGUAGE_STANDARD = gnu11;
				GCC_DYNAMIC_NO_PIC = NO;
				GCC_NO_COMMON_BLOCKS = YES;
				GCC_OPTIMIZATION_LEVEL = 0;
				GCC_PREPROCESSOR_DEFINITIONS = (
					"DEBUG=1",
					"$(inherited)",
				);
				GCC_WARN_64_TO_32_BIT_CONVERSION = YES;
				GCC_WARN_ABOUT_RETURN_TYPE = YES_ERROR;
				GCC_WARN_UNDECLARED_SELECTOR = YES;
				GCC_WARN_UNINITIALIZED_AUTOS = YES_AGGRESSIVE;
				GCC_WARN_UNUSED_FUNCTION = YES;
				GCC_WARN_UNUSED_VARIABLE = YES;
				IPHONEOS_DEPLOYMENT_TARGET = 13.6;
				MTL_ENABLE_DEBUG_INFO = INCLUDE_SOURCE;
				MTL_FAST_MATH = YES;
				ONLY_ACTIVE_ARCH = YES;
				SDKROOT = iphoneos;
				SWIFT_ACTIVE_COMPILATION_CONDITIONS = DEBUG;
				SWIFT_OPTIMIZATION_LEVEL = "-Onone";
			};
			name = Debug;
		};
		EF8D1D292510483800EF6D41 /* Release */ = {
			isa = XCBuildConfiguration;
			buildSettings = {
				ALWAYS_SEARCH_USER_PATHS = NO;
				CLANG_ANALYZER_NONNULL = YES;
				CLANG_ANALYZER_NUMBER_OBJECT_CONVERSION = YES_AGGRESSIVE;
				CLANG_CXX_LANGUAGE_STANDARD = "gnu++14";
				CLANG_CXX_LIBRARY = "libc++";
				CLANG_ENABLE_MODULES = YES;
				CLANG_ENABLE_OBJC_ARC = YES;
				CLANG_ENABLE_OBJC_WEAK = YES;
				CLANG_WARN_BLOCK_CAPTURE_AUTORELEASING = YES;
				CLANG_WARN_BOOL_CONVERSION = YES;
				CLANG_WARN_COMMA = YES;
				CLANG_WARN_CONSTANT_CONVERSION = YES;
				CLANG_WARN_DEPRECATED_OBJC_IMPLEMENTATIONS = YES;
				CLANG_WARN_DIRECT_OBJC_ISA_USAGE = YES_ERROR;
				CLANG_WARN_DOCUMENTATION_COMMENTS = YES;
				CLANG_WARN_EMPTY_BODY = YES;
				CLANG_WARN_ENUM_CONVERSION = YES;
				CLANG_WARN_INFINITE_RECURSION = YES;
				CLANG_WARN_INT_CONVERSION = YES;
				CLANG_WARN_NON_LITERAL_NULL_CONVERSION = YES;
				CLANG_WARN_OBJC_IMPLICIT_RETAIN_SELF = YES;
				CLANG_WARN_OBJC_LITERAL_CONVERSION = YES;
				CLANG_WARN_OBJC_ROOT_CLASS = YES_ERROR;
				CLANG_WARN_RANGE_LOOP_ANALYSIS = YES;
				CLANG_WARN_STRICT_PROTOTYPES = YES;
				CLANG_WARN_SUSPICIOUS_MOVE = YES;
				CLANG_WARN_UNGUARDED_AVAILABILITY = YES_AGGRESSIVE;
				CLANG_WARN_UNREACHABLE_CODE = YES;
				CLANG_WARN__DUPLICATE_METHOD_MATCH = YES;
				COPY_PHASE_STRIP = NO;
				DEBUG_INFORMATION_FORMAT = "dwarf-with-dsym";
				ENABLE_NS_ASSERTIONS = NO;
				ENABLE_STRICT_OBJC_MSGSEND = YES;
				GCC_C_LANGUAGE_STANDARD = gnu11;
				GCC_NO_COMMON_BLOCKS = YES;
				GCC_WARN_64_TO_32_BIT_CONVERSION = YES;
				GCC_WARN_ABOUT_RETURN_TYPE = YES_ERROR;
				GCC_WARN_UNDECLARED_SELECTOR = YES;
				GCC_WARN_UNINITIALIZED_AUTOS = YES_AGGRESSIVE;
				GCC_WARN_UNUSED_FUNCTION = YES;
				GCC_WARN_UNUSED_VARIABLE = YES;
				IPHONEOS_DEPLOYMENT_TARGET = 13.6;
				MTL_ENABLE_DEBUG_INFO = NO;
				MTL_FAST_MATH = YES;
				SDKROOT = iphoneos;
				SWIFT_COMPILATION_MODE = wholemodule;
				SWIFT_OPTIMIZATION_LEVEL = "-O";
				VALIDATE_PRODUCT = YES;
			};
			name = Release;
		};
		EF8D1D2B2510483800EF6D41 /* Debug */ = {
			isa = XCBuildConfiguration;
			buildSettings = {
				ASSETCATALOG_COMPILER_APPICON_NAME = AppIcon;
				CODE_SIGN_STYLE = Automatic;
				DEVELOPMENT_TEAM = G3P74UHFBH;
				INFOPLIST_FILE = tipCalculator/Info.plist;
				LD_RUNPATH_SEARCH_PATHS = (
					"$(inherited)",
					"@executable_path/Frameworks",
				);
				PRODUCT_BUNDLE_IDENTIFIER = com.xhoana.tipCalculator;
				PRODUCT_NAME = "$(TARGET_NAME)";
				SWIFT_VERSION = 5.0;
				TARGETED_DEVICE_FAMILY = "1,2";
			};
			name = Debug;
		};
		EF8D1D2C2510483800EF6D41 /* Release */ = {
			isa = XCBuildConfiguration;
			buildSettings = {
				ASSETCATALOG_COMPILER_APPICON_NAME = AppIcon;
				CODE_SIGN_STYLE = Automatic;
				DEVELOPMENT_TEAM = G3P74UHFBH;
				INFOPLIST_FILE = tipCalculator/Info.plist;
				LD_RUNPATH_SEARCH_PATHS = (
					"$(inherited)",
					"@executable_path/Frameworks",
				);
				PRODUCT_BUNDLE_IDENTIFIER = com.xhoana.tipCalculator;
				PRODUCT_NAME = "$(TARGET_NAME)";
				SWIFT_VERSION = 5.0;
				TARGETED_DEVICE_FAMILY = "1,2";
			};
			name = Release;
		};
		EF8D1D2E2510483800EF6D41 /* Debug */ = {
			isa = XCBuildConfiguration;
			buildSettings = {
				ALWAYS_EMBED_SWIFT_STANDARD_LIBRARIES = YES;
				BUNDLE_LOADER = "$(TEST_HOST)";
				CODE_SIGN_STYLE = Automatic;
				INFOPLIST_FILE = tipCalculatorTests/Info.plist;
				IPHONEOS_DEPLOYMENT_TARGET = 13.6;
				LD_RUNPATH_SEARCH_PATHS = (
					"$(inherited)",
					"@executable_path/Frameworks",
					"@loader_path/Frameworks",
				);
				PRODUCT_BUNDLE_IDENTIFIER = com.xhoana.tipCalculatorTests;
				PRODUCT_NAME = "$(TARGET_NAME)";
				SWIFT_VERSION = 5.0;
				TARGETED_DEVICE_FAMILY = "1,2";
				TEST_HOST = "$(BUILT_PRODUCTS_DIR)/tipCalculator.app/tipCalculator";
			};
			name = Debug;
		};
		EF8D1D2F2510483800EF6D41 /* Release */ = {
			isa = XCBuildConfiguration;
			buildSettings = {
				ALWAYS_EMBED_SWIFT_STANDARD_LIBRARIES = YES;
				BUNDLE_LOADER = "$(TEST_HOST)";
				CODE_SIGN_STYLE = Automatic;
				INFOPLIST_FILE = tipCalculatorTests/Info.plist;
				IPHONEOS_DEPLOYMENT_TARGET = 13.6;
				LD_RUNPATH_SEARCH_PATHS = (
					"$(inherited)",
					"@executable_path/Frameworks",
					"@loader_path/Frameworks",
				);
				PRODUCT_BUNDLE_IDENTIFIER = com.xhoana.tipCalculatorTests;
				PRODUCT_NAME = "$(TARGET_NAME)";
				SWIFT_VERSION = 5.0;
				TARGETED_DEVICE_FAMILY = "1,2";
				TEST_HOST = "$(BUILT_PRODUCTS_DIR)/tipCalculator.app/tipCalculator";
			};
			name = Release;
		};
		EF8D1D312510483800EF6D41 /* Debug */ = {
			isa = XCBuildConfiguration;
			buildSettings = {
				ALWAYS_EMBED_SWIFT_STANDARD_LIBRARIES = YES;
				CODE_SIGN_STYLE = Automatic;
				INFOPLIST_FILE = tipCalculatorUITests/Info.plist;
				LD_RUNPATH_SEARCH_PATHS = (
					"$(inherited)",
					"@executable_path/Frameworks",
					"@loader_path/Frameworks",
				);
				PRODUCT_BUNDLE_IDENTIFIER = com.xhoana.tipCalculatorUITests;
				PRODUCT_NAME = "$(TARGET_NAME)";
				SWIFT_VERSION = 5.0;
				TARGETED_DEVICE_FAMILY = "1,2";
				TEST_TARGET_NAME = tipCalculator;
			};
			name = Debug;
		};
		EF8D1D322510483800EF6D41 /* Release */ = {
			isa = XCBuildConfiguration;
			buildSettings = {
				ALWAYS_EMBED_SWIFT_STANDARD_LIBRARIES = YES;
				CODE_SIGN_STYLE = Automatic;
				INFOPLIST_FILE = tipCalculatorUITests/Info.plist;
				LD_RUNPATH_SEARCH_PATHS = (
					"$(inherited)",
					"@executable_path/Frameworks",
					"@loader_path/Frameworks",
				);
				PRODUCT_BUNDLE_IDENTIFIER = com.xhoana.tipCalculatorUITests;
				PRODUCT_NAME = "$(TARGET_NAME)";
				SWIFT_VERSION = 5.0;
				TARGETED_DEVICE_FAMILY = "1,2";
				TEST_TARGET_NAME = tipCalculator;
			};
			name = Release;
		};
/* End XCBuildConfiguration section */

/* Begin XCConfigurationList section */
		EF8D1CFB2510483200EF6D41 /* Build configuration list for PBXProject "tipCalculator" */ = {
			isa = XCConfigurationList;
			buildConfigurations = (
				EF8D1D282510483800EF6D41 /* Debug */,
				EF8D1D292510483800EF6D41 /* Release */,
			);
			defaultConfigurationIsVisible = 0;
			defaultConfigurationName = Release;
		};
		EF8D1D2A2510483800EF6D41 /* Build configuration list for PBXNativeTarget "tipCalculator" */ = {
			isa = XCConfigurationList;
			buildConfigurations = (
				EF8D1D2B2510483800EF6D41 /* Debug */,
				EF8D1D2C2510483800EF6D41 /* Release */,
			);
			defaultConfigurationIsVisible = 0;
			defaultConfigurationName = Release;
		};
		EF8D1D2D2510483800EF6D41 /* Build configuration list for PBXNativeTarget "tipCalculatorTests" */ = {
			isa = XCConfigurationList;
			buildConfigurations = (
				EF8D1D2E2510483800EF6D41 /* Debug */,
				EF8D1D2F2510483800EF6D41 /* Release */,
			);
			defaultConfigurationIsVisible = 0;
			defaultConfigurationName = Release;
		};
		EF8D1D302510483800EF6D41 /* Build configuration list for PBXNativeTarget "tipCalculatorUITests" */ = {
			isa = XCConfigurationList;
			buildConfigurations = (
				EF8D1D312510483800EF6D41 /* Debug */,
				EF8D1D322510483800EF6D41 /* Release */,
			);
			defaultConfigurationIsVisible = 0;
			defaultConfigurationName = Release;
		};
/* End XCConfigurationList section */
	};
	rootObject = EF8D1CF82510483200EF6D41 /* Project object */;
}
